
Microsoft Visual Studio Solution File, Format Version 12.00
# Visual Studio 15
VisualStudioVersion = 15.0.28010.2046
MinimumVisualStudioVersion = 10.0.40219.1
Project("{FAE04EC0-301F-11D3-BF4B-00C04F79EFBC}") = "Dev_mobile.Android", "Dev_mobile\Dev_mobile.Android\Dev_mobile.Android.csproj", "{C2214026-73E5-4890-BD70-661BC9261C4C}"
EndProject
Project("{FAE04EC0-301F-11D3-BF4B-00C04F79EFBC}") = "Dev_mobile.iOS", "Dev_mobile\Dev_mobile.iOS\Dev_mobile.iOS.csproj", "{9821E3F6-119D-4EEA-8782-6D0FBDA222BD}"
EndProject
Project("{FAE04EC0-301F-11D3-BF4B-00C04F79EFBC}") = "Dev_mobile", "Dev_mobile\Dev_mobile\Dev_mobile.csproj", "{397DA6C2-E925-4D48-84D0-6064B21D323C}"
EndProject
Global
	GlobalSection(SolutionConfigurationPlatforms) = preSolution
		Ad-Hoc|Any CPU = Ad-Hoc|Any CPU
		Ad-Hoc|iPhone = Ad-Hoc|iPhone
		Ad-Hoc|iPhoneSimulator = Ad-Hoc|iPhoneSimulator
		AppStore|Any CPU = AppStore|Any CPU
		AppStore|iPhone = AppStore|iPhone
		AppStore|iPhoneSimulator = AppStore|iPhoneSimulator
		Debug|Any CPU = Debug|Any CPU
		Debug|iPhone = Debug|iPhone
		Debug|iPhoneSimulator = Debug|iPhoneSimulator
		Release|Any CPU = Release|Any CPU
		Release|iPhone = Release|iPhone
		Release|iPhoneSimulator = Release|iPhoneSimulator
	EndGlobalSection
	GlobalSection(ProjectConfigurationPlatforms) = postSolution
		{C2214026-73E5-4890-BD70-661BC9261C4C}.Ad-Hoc|Any CPU.ActiveCfg = Release|Any CPU
		{C2214026-73E5-4890-BD70-661BC9261C4C}.Ad-Hoc|Any CPU.Build.0 = Release|Any CPU
		{C2214026-73E5-4890-BD70-661BC9261C4C}.Ad-Hoc|Any CPU.Deploy.0 = Release|Any CPU
		{C2214026-73E5-4890-BD70-661BC9261C4C}.Ad-Hoc|iPhone.ActiveCfg = Release|Any CPU
		{C2214026-73E5-4890-BD70-661BC9261C4C}.Ad-Hoc|iPhone.Build.0 = Release|Any CPU
		{C2214026-73E5-4890-BD70-661BC9261C4C}.Ad-Hoc|iPhone.Deploy.0 = Release|Any CPU
		{C2214026-73E5-4890-BD70-661BC9261C4C}.Ad-Hoc|iPhoneSimulator.ActiveCfg = Release|Any CPU
		{C2214026-73E5-4890-BD70-661BC9261C4C}.Ad-Hoc|iPhoneSimulator.Build.0 = Release|Any CPU
		{C2214026-73E5-4890-BD70-661BC9261C4C}.Ad-Hoc|iPhoneSimulator.Deploy.0 = Release|Any CPU
		{C2214026-73E5-4890-BD70-661BC9261C4C}.AppStore|Any CPU.ActiveCfg = Release|Any CPU
		{C2214026-73E5-4890-BD70-661BC9261C4C}.AppStore|Any CPU.Build.0 = Release|Any CPU
		{C2214026-73E5-4890-BD70-661BC9261C4C}.AppStore|Any CPU.Deploy.0 = Release|Any CPU
		{C2214026-73E5-4890-BD70-661BC9261C4C}.AppStore|iPhone.ActiveCfg = Release|Any CPU
		{C2214026-73E5-4890-BD70-661BC9261C4C}.AppStore|iPhone.Build.0 = Release|Any CPU
		{C2214026-73E5-4890-BD70-661BC9261C4C}.AppStore|iPhone.Deploy.0 = Release|Any CPU
		{C2214026-73E5-4890-BD70-661BC9261C4C}.AppStore|iPhoneSimulator.ActiveCfg = Release|Any CPU
		{C2214026-73E5-4890-BD70-661BC9261C4C}.AppStore|iPhoneSimulator.Build.0 = Release|Any CPU
		{C2214026-73E5-4890-BD70-661BC9261C4C}.AppStore|iPhoneSimulator.Deploy.0 = Release|Any CPU
		{C2214026-73E5-4890-BD70-661BC9261C4C}.Debug|Any CPU.ActiveCfg = Debug|Any CPU
		{C2214026-73E5-4890-BD70-661BC9261C4C}.Debug|Any CPU.Build.0 = Debug|Any CPU
		{C2214026-73E5-4890-BD70-661BC9261C4C}.Debug|Any CPU.Deploy.0 = Debug|Any CPU
		{C2214026-73E5-4890-BD70-661BC9261C4C}.Debug|iPhone.ActiveCfg = Debug|Any CPU
		{C2214026-73E5-4890-BD70-661BC9261C4C}.Debug|iPhone.Build.0 = Debug|Any CPU
		{C2214026-73E5-4890-BD70-661BC9261C4C}.Debug|iPhone.Deploy.0 = Debug|Any CPU
		{C2214026-73E5-4890-BD70-661BC9261C4C}.Debug|iPhoneSimulator.ActiveCfg = Debug|Any CPU
		{C2214026-73E5-4890-BD70-661BC9261C4C}.Debug|iPhoneSimulator.Build.0 = Debug|Any CPU
		{C2214026-73E5-4890-BD70-661BC9261C4C}.Debug|iPhoneSimulator.Deploy.0 = Debug|Any CPU
		{C2214026-73E5-4890-BD70-661BC9261C4C}.Release|Any CPU.ActiveCfg = Release|Any CPU
		{C2214026-73E5-4890-BD70-661BC9261C4C}.Release|Any CPU.Build.0 = Release|Any CPU
		{C2214026-73E5-4890-BD70-661BC9261C4C}.Release|Any CPU.Deploy.0 = Release|Any CPU
		{C2214026-73E5-4890-BD70-661BC9261C4C}.Release|iPhone.ActiveCfg = Release|Any CPU
		{C2214026-73E5-4890-BD70-661BC9261C4C}.Release|iPhone.Build.0 = Release|Any CPU
		{C2214026-73E5-4890-BD70-661BC9261C4C}.Release|iPhone.Deploy.0 = Release|Any CPU
		{C2214026-73E5-4890-BD70-661BC9261C4C}.Release|iPhoneSimulator.ActiveCfg = Release|Any CPU
		{C2214026-73E5-4890-BD70-661BC9261C4C}.Release|iPhoneSimulator.Build.0 = Release|Any CPU
		{C2214026-73E5-4890-BD70-661BC9261C4C}.Release|iPhoneSimulator.Deploy.0 = Release|Any CPU
		{9821E3F6-119D-4EEA-8782-6D0FBDA222BD}.Ad-Hoc|Any CPU.ActiveCfg = Ad-Hoc|iPhone
		{9821E3F6-119D-4EEA-8782-6D0FBDA222BD}.Ad-Hoc|Any CPU.Build.0 = Ad-Hoc|iPhone
		{9821E3F6-119D-4EEA-8782-6D0FBDA222BD}.Ad-Hoc|Any CPU.Deploy.0 = Ad-Hoc|iPhone
		{9821E3F6-119D-4EEA-8782-6D0FBDA222BD}.Ad-Hoc|iPhone.ActiveCfg = Ad-Hoc|iPhone
		{9821E3F6-119D-4EEA-8782-6D0FBDA222BD}.Ad-Hoc|iPhone.Build.0 = Ad-Hoc|iPhone
		{9821E3F6-119D-4EEA-8782-6D0FBDA222BD}.Ad-Hoc|iPhone.Deploy.0 = Ad-Hoc|iPhone
		{9821E3F6-119D-4EEA-8782-6D0FBDA222BD}.Ad-Hoc|iPhoneSimulator.ActiveCfg = Ad-Hoc|iPhoneSimulator
		{9821E3F6-119D-4EEA-8782-6D0FBDA222BD}.Ad-Hoc|iPhoneSimulator.Build.0 = Ad-Hoc|iPhoneSimulator
		{9821E3F6-119D-4EEA-8782-6D0FBDA222BD}.Ad-Hoc|iPhoneSimulator.Deploy.0 = Ad-Hoc|iPhoneSimulator
		{9821E3F6-119D-4EEA-8782-6D0FBDA222BD}.AppStore|Any CPU.ActiveCfg = AppStore|iPhone
		{9821E3F6-119D-4EEA-8782-6D0FBDA222BD}.AppStore|Any CPU.Build.0 = AppStore|iPhone
		{9821E3F6-119D-4EEA-8782-6D0FBDA222BD}.AppStore|Any CPU.Deploy.0 = AppStore|iPhone
		{9821E3F6-119D-4EEA-8782-6D0FBDA222BD}.AppStore|iPhone.ActiveCfg = AppStore|iPhone
		{9821E3F6-119D-4EEA-8782-6D0FBDA222BD}.AppStore|iPhone.Build.0 = AppStore|iPhone
		{9821E3F6-119D-4EEA-8782-6D0FBDA222BD}.AppStore|iPhone.Deploy.0 = AppStore|iPhone
		{9821E3F6-119D-4EEA-8782-6D0FBDA222BD}.AppStore|iPhoneSimulator.ActiveCfg = AppStore|iPhoneSimulator
		{9821E3F6-119D-4EEA-8782-6D0FBDA222BD}.AppStore|iPhoneSimulator.Build.0 = AppStore|iPhoneSimulator
		{9821E3F6-119D-4EEA-8782-6D0FBDA222BD}.AppStore|iPhoneSimulator.Deploy.0 = AppStore|iPhoneSimulator
		{9821E3F6-119D-4EEA-8782-6D0FBDA222BD}.Debug|Any CPU.ActiveCfg = Debug|iPhoneSimulator
		{9821E3F6-119D-4EEA-8782-6D0FBDA222BD}.Debug|Any CPU.Build.0 = Debug|iPhoneSimulator
		{9821E3F6-119D-4EEA-8782-6D0FBDA222BD}.Debug|Any CPU.Deploy.0 = Debug|iPhoneSimulator
		{9821E3F6-119D-4EEA-8782-6D0FBDA222BD}.Debug|iPhone.ActiveCfg = Debug|iPhone
		{9821E3F6-119D-4EEA-8782-6D0FBDA222BD}.Debug|iPhone.Build.0 = Debug|iPhone
		{9821E3F6-119D-4EEA-8782-6D0FBDA222BD}.Debug|iPhone.Deploy.0 = Debug|iPhone
		{9821E3F6-119D-4EEA-8782-6D0FBDA222BD}.Debug|iPhoneSimulator.ActiveCfg = Debug|iPhoneSimulator
		{9821E3F6-119D-4EEA-8782-6D0FBDA222BD}.Debug|iPhoneSimulator.Build.0 = Debug|iPhoneSimulator
		{9821E3F6-119D-4EEA-8782-6D0FBDA222BD}.Debug|iPhoneSimulator.Deploy.0 = Debug|iPhoneSimulator
		{9821E3F6-119D-4EEA-8782-6D0FBDA222BD}.Release|Any CPU.ActiveCfg = Release|iPhone
		{9821E3F6-119D-4EEA-8782-6D0FBDA222BD}.Release|Any CPU.Build.0 = Release|iPhone
		{9821E3F6-119D-4EEA-8782-6D0FBDA222BD}.Release|Any CPU.Deploy.0 = Release|iPhone
		{9821E3F6-119D-4EEA-8782-6D0FBDA222BD}.Release|iPhone.ActiveCfg = Release|iPhone
		{9821E3F6-119D-4EEA-8782-6D0FBDA222BD}.Release|iPhone.Build.0 = Release|iPhone
		{9821E3F6-119D-4EEA-8782-6D0FBDA222BD}.Release|iPhone.Deploy.0 = Release|iPhone
		{9821E3F6-119D-4EEA-8782-6D0FBDA222BD}.Release|iPhoneSimulator.ActiveCfg = Release|iPhoneSimulator
		{9821E3F6-119D-4EEA-8782-6D0FBDA222BD}.Release|iPhoneSimulator.Build.0 = Release|iPhoneSimulator
		{9821E3F6-119D-4EEA-8782-6D0FBDA222BD}.Release|iPhoneSimulator.Deploy.0 = Release|iPhoneSimulator
		{397DA6C2-E925-4D48-84D0-6064B21D323C}.Ad-Hoc|Any CPU.ActiveCfg = Debug|Any CPU
		{397DA6C2-E925-4D48-84D0-6064B21D323C}.Ad-Hoc|Any CPU.Build.0 = Debug|Any CPU
		{397DA6C2-E925-4D48-84D0-6064B21D323C}.Ad-Hoc|Any CPU.Deploy.0 = Debug|Any CPU
		{397DA6C2-E925-4D48-84D0-6064B21D323C}.Ad-Hoc|iPhone.ActiveCfg = Debug|Any CPU
		{397DA6C2-E925-4D48-84D0-6064B21D323C}.Ad-Hoc|iPhone.Build.0 = Debug|Any CPU
		{397DA6C2-E925-4D48-84D0-6064B21D323C}.Ad-Hoc|iPhone.Deploy.0 = Debug|Any CPU
		{397DA6C2-E925-4D48-84D0-6064B21D323C}.Ad-Hoc|iPhoneSimulator.ActiveCfg = Debug|Any CPU
		{397DA6C2-E925-4D48-84D0-6064B21D323C}.Ad-Hoc|iPhoneSimulator.Build.0 = Debug|Any CPU
		{397DA6C2-E925-4D48-84D0-6064B21D323C}.Ad-Hoc|iPhoneSimulator.Deploy.0 = Debug|Any CPU
		{397DA6C2-E925-4D48-84D0-6064B21D323C}.AppStore|Any CPU.ActiveCfg = Debug|Any CPU
		{397DA6C2-E925-4D48-84D0-6064B21D323C}.AppStore|Any CPU.Build.0 = Debug|Any CPU
		{397DA6C2-E925-4D48-84D0-6064B21D323C}.AppStore|Any CPU.Deploy.0 = Debug|Any CPU
		{397DA6C2-E925-4D48-84D0-6064B21D323C}.AppStore|iPhone.ActiveCfg = Debug|Any CPU
		{397DA6C2-E925-4D48-84D0-6064B21D323C}.AppStore|iPhone.Build.0 = Debug|Any CPU
		{397DA6C2-E925-4D48-84D0-6064B21D323C}.AppStore|iPhone.Deploy.0 = Debug|Any CPU
		{397DA6C2-E925-4D48-84D0-6064B21D323C}.AppStore|iPhoneSimulator.ActiveCfg = Debug|Any CPU
		{397DA6C2-E925-4D48-84D0-6064B21D323C}.AppStore|iPhoneSimulator.Build.0 = Debug|Any CPU
		{397DA6C2-E925-4D48-84D0-6064B21D323C}.AppStore|iPhoneSimulator.Deploy.0 = Debug|Any CPU
		{397DA6C2-E925-4D48-84D0-6064B21D323C}.Debug|Any CPU.ActiveCfg = Debug|Any CPU
		{397DA6C2-E925-4D48-84D0-6064B21D323C}.Debug|Any CPU.Build.0 = Debug|Any CPU
		{397DA6C2-E925-4D48-84D0-6064B21D323C}.Debug|Any CPU.Deploy.0 = Debug|Any CPU
		{397DA6C2-E925-4D48-84D0-6064B21D323C}.Debug|iPhone.ActiveCfg = Debug|Any CPU
		{397DA6C2-E925-4D48-84D0-6064B21D323C}.Debug|iPhone.Build.0 = Debug|Any CPU
		{397DA6C2-E925-4D48-84D0-6064B21D323C}.Debug|iPhone.Deploy.0 = Debug|Any CPU
		{397DA6C2-E925-4D48-84D0-6064B21D323C}.Debug|iPhoneSimulator.ActiveCfg = Debug|Any CPU
		{397DA6C2-E925-4D48-84D0-6064B21D323C}.Debug|iPhoneSimulator.Build.0 = Debug|Any CPU
		{397DA6C2-E925-4D48-84D0-6064B21D323C}.Debug|iPhoneSimulator.Deploy.0 = Debug|Any CPU
		{397DA6C2-E925-4D48-84D0-6064B21D323C}.Release|Any CPU.ActiveCfg = Release|Any CPU
		{397DA6C2-E925-4D48-84D0-6064B21D323C}.Release|Any CPU.Build.0 = Release|Any CPU
		{397DA6C2-E925-4D48-84D0-6064B21D323C}.Release|Any CPU.Deploy.0 = Release|Any CPU
		{397DA6C2-E925-4D48-84D0-6064B21D323C}.Release|iPhone.ActiveCfg = Release|Any CPU
		{397DA6C2-E925-4D48-84D0-6064B21D323C}.Release|iPhone.Build.0 = Release|Any CPU
		{397DA6C2-E925-4D48-84D0-6064B21D323C}.Release|iPhone.Deploy.0 = Release|Any CPU
		{397DA6C2-E925-4D48-84D0-6064B21D323C}.Release|iPhoneSimulator.ActiveCfg = Release|Any CPU
		{397DA6C2-E925-4D48-84D0-6064B21D323C}.Release|iPhoneSimulator.Build.0 = Release|Any CPU
		{397DA6C2-E925-4D48-84D0-6064B21D323C}.Release|iPhoneSimulator.Deploy.0 = Release|Any CPU
	EndGlobalSection
	GlobalSection(SolutionProperties) = preSolution
		HideSolutionNode = FALSE
	EndGlobalSection
	GlobalSection(ExtensibilityGlobals) = postSolution
		SolutionGuid = {0CE85449-498C-4B2E-95C0-D6EE0F72B197}
	EndGlobalSection
EndGlobal
